
Microsoft Visual Studio Solution File, Format Version 12.00
Project("{FAE04EC0-301F-11D3-BF4B-00C04F79EFBC}") = "Systemintegration_Gadenavne", "Systemintegration_Gadenavne\Systemintegration_Gadenavne.csproj", "{CF4BA38C-4251-49A1-99C0-BC25B80D67ED}"
EndProject
Global
	GlobalSection(SolutionConfigurationPlatforms) = preSolution
		Debug|Any CPU = Debug|Any CPU
		Release|Any CPU = Release|Any CPU
	EndGlobalSection
	GlobalSection(ProjectConfigurationPlatforms) = postSolution
		{CF4BA38C-4251-49A1-99C0-BC25B80D67ED}.Debug|Any CPU.ActiveCfg = Debug|Any CPU
		{CF4BA38C-4251-49A1-99C0-BC25B80D67ED}.Debug|Any CPU.Build.0 = Debug|Any CPU
		{CF4BA38C-4251-49A1-99C0-BC25B80D67ED}.Release|Any CPU.ActiveCfg = Release|Any CPU
		{CF4BA38C-4251-49A1-99C0-BC25B80D67ED}.Release|Any CPU.Build.0 = Release|Any CPU
	EndGlobalSection
EndGlobal
